
Microsoft Visual Studio Solution File, Format Version 12.00
# Visual Studio Version 16
VisualStudioVersion = 16.0.32228.343
MinimumVisualStudioVersion = 10.0.40219.1
Project("{2150E333-8FDC-42A3-9474-1A3956D46DE8}") = "Chapter02", "Chapter02", "{BA2A9F14-F28B-4299-AE78-0B3023B5A856}"
EndProject
Project("{FAE04EC0-301F-11D3-BF4B-00C04F79EFBC}") = "DistanceConverter", "Chapter02\DistanceConverter\DistanceConverter.csproj", "{13300A5B-E960-45C9-A5A5-8FB37231C514}"
EndProject
Project("{FAE04EC0-301F-11D3-BF4B-00C04F79EFBC}") = "SalesCalculator", "Chapter02\SalesCalculator\SalesCalculator.csproj", "{0C601B20-FF13-4C6D-AB70-37A655BE5684}"
EndProject
Project("{FAE04EC0-301F-11D3-BF4B-00C04F79EFBC}") = "Exercise", "Chapter02\Exercise\Exercise.csproj", "{962D05D0-C6D6-44F8-AB99-CA9DC22D6237}"
EndProject
Project("{FAE04EC0-301F-11D3-BF4B-00C04F79EFBC}") = "Exercise2", "Chapter02\Exercise2\Exercise2.csproj", "{5A370FE3-824D-4E2B-A32A-804F3F1F56A3}"
EndProject
Project("{FAE04EC0-301F-11D3-BF4B-00C04F79EFBC}") = "Exercise3", "Chapter02\Exercise3\Exercise3.csproj", "{0C9DD715-C865-48CF-85BE-99AD1411E0F4}"
EndProject
Project("{2150E333-8FDC-42A3-9474-1A3956D46DE8}") = "Chapter03", "Chapter03", "{448169A4-D496-4AE0-AA03-45E415A381CF}"
EndProject
Project("{FAE04EC0-301F-11D3-BF4B-00C04F79EFBC}") = "Section01", "Chapter03\Section01\Section01.csproj", "{289CF18B-B34F-4957-AB46-08CFFC6C2317}"
EndProject
Project("{FAE04EC0-301F-11D3-BF4B-00C04F79EFBC}") = "Exercise01", "Chapter03\Exercise01\Exercise01\Exercise01.csproj", "{5B21FE7F-41D6-4A56-8380-040002D5313E}"
EndProject
Project("{FAE04EC0-301F-11D3-BF4B-00C04F79EFBC}") = "Section04", "Chapter03\Section04\Section04.csproj", "{525447F7-B863-4399-BD6C-995FF78BF57A}"
EndProject
Project("{FAE04EC0-301F-11D3-BF4B-00C04F79EFBC}") = "Exercise02", "Chapter03\Exercise02\Exercise02.csproj", "{1503193D-B9A8-48A8-A033-03747FD9088F}"
EndProject
Project("{2150E333-8FDC-42A3-9474-1A3956D46DE8}") = "Chapter04", "Chapter04", "{B5595C5B-82DE-4AE5-B5D9-B32B90CDB23B}"
EndProject
Project("{FAE04EC0-301F-11D3-BF4B-00C04F79EFBC}") = "Exercise01", "Chapter04\Exercise01\Exercise01.csproj", "{3F901D8B-128F-4A39-AF0F-D9B0614C7CA1}"
EndProject
Global
	GlobalSection(SolutionConfigurationPlatforms) = preSolution
		Debug|Any CPU = Debug|Any CPU
		Release|Any CPU = Release|Any CPU
	EndGlobalSection
	GlobalSection(ProjectConfigurationPlatforms) = postSolution
		{13300A5B-E960-45C9-A5A5-8FB37231C514}.Debug|Any CPU.ActiveCfg = Debug|Any CPU
		{13300A5B-E960-45C9-A5A5-8FB37231C514}.Debug|Any CPU.Build.0 = Debug|Any CPU
		{13300A5B-E960-45C9-A5A5-8FB37231C514}.Release|Any CPU.ActiveCfg = Release|Any CPU
		{13300A5B-E960-45C9-A5A5-8FB37231C514}.Release|Any CPU.Build.0 = Release|Any CPU
		{0C601B20-FF13-4C6D-AB70-37A655BE5684}.Debug|Any CPU.ActiveCfg = Debug|Any CPU
		{0C601B20-FF13-4C6D-AB70-37A655BE5684}.Debug|Any CPU.Build.0 = Debug|Any CPU
		{0C601B20-FF13-4C6D-AB70-37A655BE5684}.Release|Any CPU.ActiveCfg = Release|Any CPU
		{0C601B20-FF13-4C6D-AB70-37A655BE5684}.Release|Any CPU.Build.0 = Release|Any CPU
		{962D05D0-C6D6-44F8-AB99-CA9DC22D6237}.Debug|Any CPU.ActiveCfg = Debug|Any CPU
		{962D05D0-C6D6-44F8-AB99-CA9DC22D6237}.Debug|Any CPU.Build.0 = Debug|Any CPU
		{962D05D0-C6D6-44F8-AB99-CA9DC22D6237}.Release|Any CPU.ActiveCfg = Release|Any CPU
		{962D05D0-C6D6-44F8-AB99-CA9DC22D6237}.Release|Any CPU.Build.0 = Release|Any CPU
		{5A370FE3-824D-4E2B-A32A-804F3F1F56A3}.Debug|Any CPU.ActiveCfg = Debug|Any CPU
		{5A370FE3-824D-4E2B-A32A-804F3F1F56A3}.Debug|Any CPU.Build.0 = Debug|Any CPU
		{5A370FE3-824D-4E2B-A32A-804F3F1F56A3}.Release|Any CPU.ActiveCfg = Release|Any CPU
		{5A370FE3-824D-4E2B-A32A-804F3F1F56A3}.Release|Any CPU.Build.0 = Release|Any CPU
		{0C9DD715-C865-48CF-85BE-99AD1411E0F4}.Debug|Any CPU.ActiveCfg = Debug|Any CPU
		{0C9DD715-C865-48CF-85BE-99AD1411E0F4}.Debug|Any CPU.Build.0 = Debug|Any CPU
		{0C9DD715-C865-48CF-85BE-99AD1411E0F4}.Release|Any CPU.ActiveCfg = Release|Any CPU
		{0C9DD715-C865-48CF-85BE-99AD1411E0F4}.Release|Any CPU.Build.0 = Release|Any CPU
		{289CF18B-B34F-4957-AB46-08CFFC6C2317}.Debug|Any CPU.ActiveCfg = Debug|Any CPU
		{289CF18B-B34F-4957-AB46-08CFFC6C2317}.Debug|Any CPU.Build.0 = Debug|Any CPU
		{289CF18B-B34F-4957-AB46-08CFFC6C2317}.Release|Any CPU.ActiveCfg = Release|Any CPU
		{289CF18B-B34F-4957-AB46-08CFFC6C2317}.Release|Any CPU.Build.0 = Release|Any CPU
		{5B21FE7F-41D6-4A56-8380-040002D5313E}.Debug|Any CPU.ActiveCfg = Debug|Any CPU
		{5B21FE7F-41D6-4A56-8380-040002D5313E}.Debug|Any CPU.Build.0 = Debug|Any CPU
		{5B21FE7F-41D6-4A56-8380-040002D5313E}.Release|Any CPU.ActiveCfg = Release|Any CPU
		{5B21FE7F-41D6-4A56-8380-040002D5313E}.Release|Any CPU.Build.0 = Release|Any CPU
		{525447F7-B863-4399-BD6C-995FF78BF57A}.Debug|Any CPU.ActiveCfg = Debug|Any CPU
		{525447F7-B863-4399-BD6C-995FF78BF57A}.Debug|Any CPU.Build.0 = Debug|Any CPU
		{525447F7-B863-4399-BD6C-995FF78BF57A}.Release|Any CPU.ActiveCfg = Release|Any CPU
		{525447F7-B863-4399-BD6C-995FF78BF57A}.Release|Any CPU.Build.0 = Release|Any CPU
		{1503193D-B9A8-48A8-A033-03747FD9088F}.Debug|Any CPU.ActiveCfg = Debug|Any CPU
		{1503193D-B9A8-48A8-A033-03747FD9088F}.Debug|Any CPU.Build.0 = Debug|Any CPU
		{1503193D-B9A8-48A8-A033-03747FD9088F}.Release|Any CPU.ActiveCfg = Release|Any CPU
		{1503193D-B9A8-48A8-A033-03747FD9088F}.Release|Any CPU.Build.0 = Release|Any CPU
		{3F901D8B-128F-4A39-AF0F-D9B0614C7CA1}.Debug|Any CPU.ActiveCfg = Debug|Any CPU
		{3F901D8B-128F-4A39-AF0F-D9B0614C7CA1}.Debug|Any CPU.Build.0 = Debug|Any CPU
		{3F901D8B-128F-4A39-AF0F-D9B0614C7CA1}.Release|Any CPU.ActiveCfg = Release|Any CPU
		{3F901D8B-128F-4A39-AF0F-D9B0614C7CA1}.Release|Any CPU.Build.0 = Release|Any CPU
	EndGlobalSection
	GlobalSection(SolutionProperties) = preSolution
		HideSolutionNode = FALSE
	EndGlobalSection
	GlobalSection(NestedProjects) = preSolution
		{13300A5B-E960-45C9-A5A5-8FB37231C514} = {BA2A9F14-F28B-4299-AE78-0B3023B5A856}
		{0C601B20-FF13-4C6D-AB70-37A655BE5684} = {BA2A9F14-F28B-4299-AE78-0B3023B5A856}
		{962D05D0-C6D6-44F8-AB99-CA9DC22D6237} = {BA2A9F14-F28B-4299-AE78-0B3023B5A856}
		{5A370FE3-824D-4E2B-A32A-804F3F1F56A3} = {BA2A9F14-F28B-4299-AE78-0B3023B5A856}
		{0C9DD715-C865-48CF-85BE-99AD1411E0F4} = {BA2A9F14-F28B-4299-AE78-0B3023B5A856}
		{289CF18B-B34F-4957-AB46-08CFFC6C2317} = {448169A4-D496-4AE0-AA03-45E415A381CF}
		{5B21FE7F-41D6-4A56-8380-040002D5313E} = {448169A4-D496-4AE0-AA03-45E415A381CF}
		{525447F7-B863-4399-BD6C-995FF78BF57A} = {448169A4-D496-4AE0-AA03-45E415A381CF}
		{1503193D-B9A8-48A8-A033-03747FD9088F} = {448169A4-D496-4AE0-AA03-45E415A381CF}
		{3F901D8B-128F-4A39-AF0F-D9B0614C7CA1} = {B5595C5B-82DE-4AE5-B5D9-B32B90CDB23B}
	EndGlobalSection
	GlobalSection(ExtensibilityGlobals) = postSolution
		SolutionGuid = {E4C497E1-A08B-4CEE-89A1-1CCF2CFE8E40}
	EndGlobalSection
EndGlobal
